
Microsoft Visual Studio Solution File, Format Version 12.00
# Visual Studio 2012
Project("{FAE04EC0-301F-11D3-BF4B-00C04F79EFBC}") = "Example", "src\Example\Example.csproj", "{F266BB00-7B1C-4DB0-9654-FCDBE5E8E003}"
EndProject
Project("{FAE04EC0-301F-11D3-BF4B-00C04F79EFBC}") = "AutoPoco.DataSources", "src\AutoPoco.DataSources\AutoPoco.DataSources.csproj", "{9582A5BE-A9F8-43DD-B4EA-15883AD667C1}"
EndProject
Project("{2150E333-8FDC-42A3-9474-1A3956D46DE8}") = "Solution Items", "Solution Items", "{B1F8D981-7CDD-42D6-978E-ABBA53337478}"
	ProjectSection(SolutionItems) = preProject
		build\AutoPoco.DataSources.build = build\AutoPoco.DataSources.build
		build\nuget\AutoPoco.DataSources.nuspec = build\nuget\AutoPoco.DataSources.nuspec
		SharedAssemblyInfo.cs = SharedAssemblyInfo.cs
	EndProjectSection
EndProject
Global
	GlobalSection(SolutionConfigurationPlatforms) = preSolution
		Debug|Any CPU = Debug|Any CPU
		Release|Any CPU = Release|Any CPU
	EndGlobalSection
	GlobalSection(ProjectConfigurationPlatforms) = postSolution
		{F266BB00-7B1C-4DB0-9654-FCDBE5E8E003}.Debug|Any CPU.ActiveCfg = Debug|Any CPU
		{F266BB00-7B1C-4DB0-9654-FCDBE5E8E003}.Debug|Any CPU.Build.0 = Debug|Any CPU
		{F266BB00-7B1C-4DB0-9654-FCDBE5E8E003}.Release|Any CPU.ActiveCfg = Release|Any CPU
		{F266BB00-7B1C-4DB0-9654-FCDBE5E8E003}.Release|Any CPU.Build.0 = Release|Any CPU
		{9582A5BE-A9F8-43DD-B4EA-15883AD667C1}.Debug|Any CPU.ActiveCfg = Debug|Any CPU
		{9582A5BE-A9F8-43DD-B4EA-15883AD667C1}.Debug|Any CPU.Build.0 = Debug|Any CPU
		{9582A5BE-A9F8-43DD-B4EA-15883AD667C1}.Release|Any CPU.ActiveCfg = Release|Any CPU
		{9582A5BE-A9F8-43DD-B4EA-15883AD667C1}.Release|Any CPU.Build.0 = Release|Any CPU
	EndGlobalSection
	GlobalSection(SolutionProperties) = preSolution
		HideSolutionNode = FALSE
	EndGlobalSection
EndGlobal
